{
  "version": 4,
  "terraform_version": "0.15.0",
  "serial": 16,
  "lineage": "9f88a677-85b1-8776-3fa2-f3d4f6b1ae30",
  "outputs": {
    "function_app_default_hostname": {
      "value": "smiths-function-app.azurewebsites.net",
      "type": "string"
    },
    "function_app_name": {
      "value": "smiths-function-app",
      "type": "string"
    }
  },
  "resources": [
    {
      "mode": "managed",
      "type": "azurerm_app_service_plan",
      "name": "app_service_plan",
      "provider": "provider[\"registry.terraform.io/hashicorp/azurerm\"]",
      "instances": [
        {
          "schema_version": 0,
          "attributes": {
            "app_service_environment_id": "",
            "id": "/subscriptions/5b411045-6062-42d7-b02e-92b2cf37197a/resourceGroups/smiths_resource_group/providers/Microsoft.Web/serverfarms/smiths_app_service_plan",
            "is_xenon": false,
            "kind": "functionapp",
            "location": "eastus",
            "maximum_elastic_worker_count": 1,
            "maximum_number_of_workers": 0,
            "name": "smiths_app_service_plan",
            "per_site_scaling": false,
            "reserved": true,
            "resource_group_name": "smiths_resource_group",
            "sku": [
              {
                "capacity": 0,
                "size": "Y1",
                "tier": "Dynamic"
              }
            ],
            "tags": null,
            "timeouts": null
          },
          "sensitive_attributes": [],
          "private": "eyJlMmJmYjczMC1lY2FhLTExZTYtOGY4OC0zNDM2M2JjN2M0YzAiOnsiY3JlYXRlIjozNjAwMDAwMDAwMDAwLCJkZWxldGUiOjM2MDAwMDAwMDAwMDAsInJlYWQiOjMwMDAwMDAwMDAwMCwidXBkYXRlIjozNjAwMDAwMDAwMDAwfX0=",
          "dependencies": [
            "azurerm_resource_group.resource_group"
          ]
        }
      ]
    },
    {
      "mode": "managed",
      "type": "azurerm_function_app",
      "name": "function_app",
      "provider": "provider[\"registry.terraform.io/hashicorp/azurerm\"]",
      "instances": [
        {
          "schema_version": 0,
          "attributes": {
            "app_service_plan_id": "/subscriptions/5b411045-6062-42d7-b02e-92b2cf37197a/resourceGroups/smiths_resource_group/providers/Microsoft.Web/serverfarms/smiths_app_service_plan",
            "app_settings": {
              "FUNCTIONS_WORKER_RUNTIME": "node",
              "WEBSITE_RUN_FROM_PACKAGE": ""
            },
            "auth_settings": [
              {
                "active_directory": [],
                "additional_login_params": {},
                "allowed_external_redirect_urls": [],
                "default_provider": "",
                "enabled": false,
                "facebook": [],
                "google": [],
                "issuer": "",
                "microsoft": [],
                "runtime_version": "",
                "token_refresh_extension_hours": 0,
                "token_store_enabled": false,
                "twitter": [],
                "unauthenticated_client_action": ""
              }
            ],
            "client_affinity_enabled": false,
            "client_cert_mode": "",
            "connection_string": [],
            "custom_domain_verification_id": "9AC0416F98FB6FC98DED7F7440750DDF69CF340ED08C7091FBD82C02A5A417EA",
            "daily_memory_time_quota": 0,
            "default_hostname": "smiths-function-app.azurewebsites.net",
            "enable_builtin_logging": true,
            "enabled": true,
            "https_only": false,
            "id": "/subscriptions/5b411045-6062-42d7-b02e-92b2cf37197a/resourceGroups/smiths_resource_group/providers/Microsoft.Web/sites/smiths-function-app",
            "identity": [],
            "kind": "functionapp,linux",
            "location": "eastus",
            "name": "smiths-function-app",
            "os_type": "linux",
            "outbound_ip_addresses": "52.188.142.126,52.188.143.57,52.188.141.62,40.71.232.88,40.71.233.96,40.71.233.218,20.49.104.23",
            "possible_outbound_ip_addresses": "52.188.142.126,52.188.143.57,52.188.141.62,40.71.232.88,40.71.233.96,40.71.233.218,40.71.234.29,40.71.234.60,40.71.235.182,40.71.236.158,40.71.237.2,40.71.237.25,40.71.238.120,40.71.238.125,52.151.238.38,40.71.238.146,40.71.238.252,40.71.239.94,20.49.104.23",
            "resource_group_name": "smiths_resource_group",
            "site_config": [
              {
                "always_on": false,
                "auto_swap_slot_name": "",
                "cors": [
                  {
                    "allowed_origins": [],
                    "support_credentials": false
                  }
                ],
                "ftps_state": "AllAllowed",
                "health_check_path": "",
                "http2_enabled": false,
                "ip_restriction": [],
                "linux_fx_version": "node|14",
                "min_tls_version": "1.2",
                "pre_warmed_instance_count": 0,
                "scm_ip_restriction": [],
                "scm_type": "None",
                "scm_use_main_ip_restriction": false,
                "use_32_bit_worker_process": false,
                "websockets_enabled": false
              }
            ],
            "site_credential": [
              {
                "password": "7H8lnWmK1Q55QaR9F0gswQgatoe22PedyaiBTskm7AlZ9m1srAv7RoRgkRQH",
                "username": "$smiths-function-app"
              }
            ],
            "source_control": [
              {
                "branch": "master",
                "manual_integration": false,
                "repo_url": "",
                "rollback_enabled": false,
                "use_mercurial": false
              }
            ],
            "storage_account_access_key": "Rx7+M1/cBVcfEofp3/sYpAVKESEn5k/oW0e1asaH6K3X/bG76BQRnb0D7TMFVGtRoI2r3iOnrCBYSogh8GLhjQ==",
            "storage_account_name": "smithsstorage",
            "storage_connection_string": "DefaultEndpointsProtocol=https;AccountName=smithsstorage;AccountKey=Rx7+M1/cBVcfEofp3/sYpAVKESEn5k/oW0e1asaH6K3X/bG76BQRnb0D7TMFVGtRoI2r3iOnrCBYSogh8GLhjQ==;EndpointSuffix=core.windows.net",
            "tags": null,
            "timeouts": null,
            "version": "~3"
          },
          "sensitive_attributes": [
            [
              {
                "type": "get_attr",
                "value": "storage_account_access_key"
              }
            ]
          ],
          "private": "eyJlMmJmYjczMC1lY2FhLTExZTYtOGY4OC0zNDM2M2JjN2M0YzAiOnsiY3JlYXRlIjoxODAwMDAwMDAwMDAwLCJkZWxldGUiOjE4MDAwMDAwMDAwMDAsInJlYWQiOjMwMDAwMDAwMDAwMCwidXBkYXRlIjoxODAwMDAwMDAwMDAwfX0=",
          "dependencies": [
            "azurerm_app_service_plan.app_service_plan",
            "azurerm_resource_group.resource_group",
            "azurerm_storage_account.storage_account"
          ]
        }
      ]
    },
    {
      "mode": "managed",
      "type": "azurerm_resource_group",
      "name": "resource_group",
      "provider": "provider[\"registry.terraform.io/hashicorp/azurerm\"]",
      "instances": [
        {
          "schema_version": 0,
          "attributes": {
            "id": "/subscriptions/5b411045-6062-42d7-b02e-92b2cf37197a/resourceGroups/smiths_resource_group",
            "location": "eastus",
            "name": "smiths_resource_group",
            "tags": null,
            "timeouts": null
          },
          "sensitive_attributes": [],
          "private": "eyJlMmJmYjczMC1lY2FhLTExZTYtOGY4OC0zNDM2M2JjN2M0YzAiOnsiY3JlYXRlIjo1NDAwMDAwMDAwMDAwLCJkZWxldGUiOjU0MDAwMDAwMDAwMDAsInJlYWQiOjMwMDAwMDAwMDAwMCwidXBkYXRlIjo1NDAwMDAwMDAwMDAwfX0="
        }
      ]
    },
    {
      "mode": "managed",
      "type": "azurerm_storage_account",
      "name": "storage_account",
      "provider": "provider[\"registry.terraform.io/hashicorp/azurerm\"]",
      "instances": [
        {
          "schema_version": 2,
          "attributes": {
            "access_tier": "Hot",
            "account_kind": "StorageV2",
            "account_replication_type": "LRS",
            "account_tier": "Standard",
            "allow_blob_public_access": false,
            "blob_properties": [],
            "custom_domain": [],
            "enable_https_traffic_only": true,
            "id": "/subscriptions/5b411045-6062-42d7-b02e-92b2cf37197a/resourceGroups/smiths_resource_group/providers/Microsoft.Storage/storageAccounts/smithsstorage",
            "identity": [],
            "is_hns_enabled": false,
            "large_file_share_enabled": null,
            "location": "eastus",
            "min_tls_version": "TLS1_0",
            "name": "smithsstorage",
            "network_rules": [
              {
                "bypass": [
                  "AzureServices"
                ],
                "default_action": "Allow",
                "ip_rules": [],
                "virtual_network_subnet_ids": []
              }
            ],
            "primary_access_key": "Rx7+M1/cBVcfEofp3/sYpAVKESEn5k/oW0e1asaH6K3X/bG76BQRnb0D7TMFVGtRoI2r3iOnrCBYSogh8GLhjQ==",
            "primary_blob_connection_string": "DefaultEndpointsProtocol=https;BlobEndpoint=https://smithsstorage.blob.core.windows.net/;AccountName=smithsstorage;AccountKey=Rx7+M1/cBVcfEofp3/sYpAVKESEn5k/oW0e1asaH6K3X/bG76BQRnb0D7TMFVGtRoI2r3iOnrCBYSogh8GLhjQ==",
            "primary_blob_endpoint": "https://smithsstorage.blob.core.windows.net/",
            "primary_blob_host": "smithsstorage.blob.core.windows.net",
            "primary_connection_string": "DefaultEndpointsProtocol=https;AccountName=smithsstorage;AccountKey=Rx7+M1/cBVcfEofp3/sYpAVKESEn5k/oW0e1asaH6K3X/bG76BQRnb0D7TMFVGtRoI2r3iOnrCBYSogh8GLhjQ==;EndpointSuffix=core.windows.net",
            "primary_dfs_endpoint": "https://smithsstorage.dfs.core.windows.net/",
            "primary_dfs_host": "smithsstorage.dfs.core.windows.net",
            "primary_file_endpoint": "https://smithsstorage.file.core.windows.net/",
            "primary_file_host": "smithsstorage.file.core.windows.net",
            "primary_location": "eastus",
            "primary_queue_endpoint": "https://smithsstorage.queue.core.windows.net/",
            "primary_queue_host": "smithsstorage.queue.core.windows.net",
            "primary_table_endpoint": "https://smithsstorage.table.core.windows.net/",
            "primary_table_host": "smithsstorage.table.core.windows.net",
            "primary_web_endpoint": "https://smithsstorage.z13.web.core.windows.net/",
            "primary_web_host": "smithsstorage.z13.web.core.windows.net",
            "queue_properties": [
              {
                "cors_rule": [],
                "hour_metrics": [
                  {
                    "enabled": true,
                    "include_apis": true,
                    "retention_policy_days": 7,
                    "version": "1.0"
                  }
                ],
                "logging": [
                  {
                    "delete": false,
                    "read": false,
                    "retention_policy_days": 0,
                    "version": "1.0",
                    "write": false
                  }
                ],
                "minute_metrics": [
                  {
                    "enabled": false,
                    "include_apis": false,
                    "retention_policy_days": 0,
                    "version": "1.0"
                  }
                ]
              }
            ],
            "resource_group_name": "smiths_resource_group",
            "secondary_access_key": "X4mrYyGf63eXcZqxS/976une2LqLnndUan6Drw5xMISh2FKB0PJ06P+Jj+kRK0YMR36oRPJmZ1nKX1hJrz2iPQ==",
            "secondary_blob_connection_string": "",
            "secondary_blob_endpoint": null,
            "secondary_blob_host": null,
            "secondary_connection_string": "DefaultEndpointsProtocol=https;AccountName=smithsstorage;AccountKey=X4mrYyGf63eXcZqxS/976une2LqLnndUan6Drw5xMISh2FKB0PJ06P+Jj+kRK0YMR36oRPJmZ1nKX1hJrz2iPQ==;EndpointSuffix=core.windows.net",
            "secondary_dfs_endpoint": null,
            "secondary_dfs_host": null,
            "secondary_file_endpoint": null,
            "secondary_file_host": null,
            "secondary_location": "",
            "secondary_queue_endpoint": null,
            "secondary_queue_host": null,
            "secondary_table_endpoint": null,
            "secondary_table_host": null,
            "secondary_web_endpoint": null,
            "secondary_web_host": null,
            "static_website": [],
            "tags": null,
            "timeouts": null
          },
          "sensitive_attributes": [],
          "private": "eyJlMmJmYjczMC1lY2FhLTExZTYtOGY4OC0zNDM2M2JjN2M0YzAiOnsiY3JlYXRlIjozNjAwMDAwMDAwMDAwLCJkZWxldGUiOjM2MDAwMDAwMDAwMDAsInJlYWQiOjMwMDAwMDAwMDAwMCwidXBkYXRlIjozNjAwMDAwMDAwMDAwfSwic2NoZW1hX3ZlcnNpb24iOiIyIn0=",
          "dependencies": [
            "azurerm_resource_group.resource_group"
          ]
        }
      ]
    }
  ]
}
